
Microsoft Visual Studio Solution File, Format Version 12.00
# Visual Studio Version 17
VisualStudioVersion = 17.9.34701.34
MinimumVisualStudioVersion = 10.0.40219.1
Project("{FAE04EC0-301F-11D3-BF4B-00C04F79EFBC}") = "SystemTest.API", "SystemTest.API\SystemTest.API.csproj", "{E099C94E-8CD4-44FE-8D9F-06EE16097784}"
EndProject
Project("{FAE04EC0-301F-11D3-BF4B-00C04F79EFBC}") = "SystemaTest.DAL", "SystemaTest.DAL\SystemaTest.DAL.csproj", "{6B15442F-9620-4189-B208-40D2F24E8AA3}"
EndProject
Project("{FAE04EC0-301F-11D3-BF4B-00C04F79EFBC}") = "SystemTest.BLL", "SystemTest.BLL\SystemTest.BLL.csproj", "{95BEF42E-3C17-41E6-A6F1-A53CCC2A5F52}"
EndProject
Project("{FAE04EC0-301F-11D3-BF4B-00C04F79EFBC}") = "SsytemTest.Model", "SsytemTest.Model\SsytemTest.Model.csproj", "{1644D728-DDE0-413F-80EA-8B5534BF5FD7}"
EndProject
Project("{FAE04EC0-301F-11D3-BF4B-00C04F79EFBC}") = "SystemTest.IOC", "SystemTest.IOC\SystemTest.IOC.csproj", "{7FC2A65E-0DF4-438D-88A4-4828F7421DF3}"
EndProject
Project("{FAE04EC0-301F-11D3-BF4B-00C04F79EFBC}") = "SystemTest.DTO", "SystemTest.DTO\SystemTest.DTO.csproj", "{52C3D078-9850-4AD2-9037-00A7479C923C}"
EndProject
Project("{FAE04EC0-301F-11D3-BF4B-00C04F79EFBC}") = "SystemTest.Utility", "SystemTest.Utility\SystemTest.Utility.csproj", "{ECFB1028-E56A-4B5B-9035-B3FC4E827AB2}"
EndProject
Global
	GlobalSection(SolutionConfigurationPlatforms) = preSolution
		Debug|Any CPU = Debug|Any CPU
		Release|Any CPU = Release|Any CPU
	EndGlobalSection
	GlobalSection(ProjectConfigurationPlatforms) = postSolution
		{E099C94E-8CD4-44FE-8D9F-06EE16097784}.Debug|Any CPU.ActiveCfg = Debug|Any CPU
		{E099C94E-8CD4-44FE-8D9F-06EE16097784}.Debug|Any CPU.Build.0 = Debug|Any CPU
		{E099C94E-8CD4-44FE-8D9F-06EE16097784}.Release|Any CPU.ActiveCfg = Release|Any CPU
		{E099C94E-8CD4-44FE-8D9F-06EE16097784}.Release|Any CPU.Build.0 = Release|Any CPU
		{6B15442F-9620-4189-B208-40D2F24E8AA3}.Debug|Any CPU.ActiveCfg = Debug|Any CPU
		{6B15442F-9620-4189-B208-40D2F24E8AA3}.Debug|Any CPU.Build.0 = Debug|Any CPU
		{6B15442F-9620-4189-B208-40D2F24E8AA3}.Release|Any CPU.ActiveCfg = Release|Any CPU
		{6B15442F-9620-4189-B208-40D2F24E8AA3}.Release|Any CPU.Build.0 = Release|Any CPU
		{95BEF42E-3C17-41E6-A6F1-A53CCC2A5F52}.Debug|Any CPU.ActiveCfg = Debug|Any CPU
		{95BEF42E-3C17-41E6-A6F1-A53CCC2A5F52}.Debug|Any CPU.Build.0 = Debug|Any CPU
		{95BEF42E-3C17-41E6-A6F1-A53CCC2A5F52}.Release|Any CPU.ActiveCfg = Release|Any CPU
		{95BEF42E-3C17-41E6-A6F1-A53CCC2A5F52}.Release|Any CPU.Build.0 = Release|Any CPU
		{1644D728-DDE0-413F-80EA-8B5534BF5FD7}.Debug|Any CPU.ActiveCfg = Debug|Any CPU
		{1644D728-DDE0-413F-80EA-8B5534BF5FD7}.Debug|Any CPU.Build.0 = Debug|Any CPU
		{1644D728-DDE0-413F-80EA-8B5534BF5FD7}.Release|Any CPU.ActiveCfg = Release|Any CPU
		{1644D728-DDE0-413F-80EA-8B5534BF5FD7}.Release|Any CPU.Build.0 = Release|Any CPU
		{7FC2A65E-0DF4-438D-88A4-4828F7421DF3}.Debug|Any CPU.ActiveCfg = Debug|Any CPU
		{7FC2A65E-0DF4-438D-88A4-4828F7421DF3}.Debug|Any CPU.Build.0 = Debug|Any CPU
		{7FC2A65E-0DF4-438D-88A4-4828F7421DF3}.Release|Any CPU.ActiveCfg = Release|Any CPU
		{7FC2A65E-0DF4-438D-88A4-4828F7421DF3}.Release|Any CPU.Build.0 = Release|Any CPU
		{52C3D078-9850-4AD2-9037-00A7479C923C}.Debug|Any CPU.ActiveCfg = Debug|Any CPU
		{52C3D078-9850-4AD2-9037-00A7479C923C}.Debug|Any CPU.Build.0 = Debug|Any CPU
		{52C3D078-9850-4AD2-9037-00A7479C923C}.Release|Any CPU.ActiveCfg = Release|Any CPU
		{52C3D078-9850-4AD2-9037-00A7479C923C}.Release|Any CPU.Build.0 = Release|Any CPU
		{ECFB1028-E56A-4B5B-9035-B3FC4E827AB2}.Debug|Any CPU.ActiveCfg = Debug|Any CPU
		{ECFB1028-E56A-4B5B-9035-B3FC4E827AB2}.Debug|Any CPU.Build.0 = Debug|Any CPU
		{ECFB1028-E56A-4B5B-9035-B3FC4E827AB2}.Release|Any CPU.ActiveCfg = Release|Any CPU
		{ECFB1028-E56A-4B5B-9035-B3FC4E827AB2}.Release|Any CPU.Build.0 = Release|Any CPU
	EndGlobalSection
	GlobalSection(SolutionProperties) = preSolution
		HideSolutionNode = FALSE
	EndGlobalSection
	GlobalSection(ExtensibilityGlobals) = postSolution
		SolutionGuid = {9CBA8D51-D9B4-406C-90AE-C93407C9B1F4}
	EndGlobalSection
EndGlobal
